
Microsoft Visual Studio Solution File, Format Version 12.00
# Visual Studio Version 17
VisualStudioVersion = 17.5.002.0
MinimumVisualStudioVersion = 10.0.40219.1
Project("{9A19103F-16F7-4668-BE54-9A1E7A4F7556}") = "tl2-tp1-2024-Nicholas1000200", "tl2-tp1-2024-Nicholas1000200.csproj", "{C0B8E6F4-472B-4D52-9229-767513E131FC}"
EndProject
Global
	GlobalSection(SolutionConfigurationPlatforms) = preSolution
		Debug|Any CPU = Debug|Any CPU
		Release|Any CPU = Release|Any CPU
	EndGlobalSection
	GlobalSection(ProjectConfigurationPlatforms) = postSolution
		{C0B8E6F4-472B-4D52-9229-767513E131FC}.Debug|Any CPU.ActiveCfg = Debug|Any CPU
		{C0B8E6F4-472B-4D52-9229-767513E131FC}.Debug|Any CPU.Build.0 = Debug|Any CPU
		{C0B8E6F4-472B-4D52-9229-767513E131FC}.Release|Any CPU.ActiveCfg = Release|Any CPU
		{C0B8E6F4-472B-4D52-9229-767513E131FC}.Release|Any CPU.Build.0 = Release|Any CPU
	EndGlobalSection
	GlobalSection(SolutionProperties) = preSolution
		HideSolutionNode = FALSE
	EndGlobalSection
	GlobalSection(ExtensibilityGlobals) = postSolution
		SolutionGuid = {FE9C3A99-978E-4028-8B9A-CF86D053D9A4}
	EndGlobalSection
EndGlobal
